// !$*UTF8*$!
{
	archiveVersion = 1;
	classes = {
	};
	objectVersion = 56;
	objects = {

/* Begin PBXBuildFile section */
		4E992EEA2B15B11200A93392 /* EarthquakesApp.swift in Sources */ = {isa = PBXBuildFile; fileRef = 4E992EE92B15B11200A93392 /* EarthquakesApp.swift */; };
		4E992EEC2B15B11200A93392 /* ContentView.swift in Sources */ = {isa = PBXBuildFile; fileRef = 4E992EEB2B15B11200A93392 /* ContentView.swift */; };
		4E992EEE2B15B11500A93392 /* Assets.xcassets in Resources */ = {isa = PBXBuildFile; fileRef = 4E992EED2B15B11500A93392 /* Assets.xcassets */; };
		4E992EF12B15B11500A93392 /* Preview Assets.xcassets in Resources */ = {isa = PBXBuildFile; fileRef = 4E992EF02B15B11500A93392 /* Preview Assets.xcassets */; };
		4E992EFB2B15B11500A93392 /* EarthquakesTests.swift in Sources */ = {isa = PBXBuildFile; fileRef = 4E992EFA2B15B11500A93392 /* EarthquakesTests.swift */; };
		4E992F052B15B11500A93392 /* EarthquakesUITests.swift in Sources */ = {isa = PBXBuildFile; fileRef = 4E992F042B15B11500A93392 /* EarthquakesUITests.swift */; };
		4E992F072B15B11500A93392 /* EarthquakesUITestsLaunchTests.swift in Sources */ = {isa = PBXBuildFile; fileRef = 4E992F062B15B11500A93392 /* EarthquakesUITestsLaunchTests.swift */; };
		4E992F162B15B46100A93392 /* Quake.swift in Sources */ = {isa = PBXBuildFile; fileRef = 4E992F142B15B46100A93392 /* Quake.swift */; };
		4E992F172B15B46100A93392 /* Quake+Color.swift in Sources */ = {isa = PBXBuildFile; fileRef = 4E992F152B15B46100A93392 /* Quake+Color.swift */; };
		4E992F232B15B46C00A93392 /* QuakeMagnitude.swift in Sources */ = {isa = PBXBuildFile; fileRef = 4E992F192B15B46C00A93392 /* QuakeMagnitude.swift */; };
		4E992F242B15B46C00A93392 /* QuakeRow.swift in Sources */ = {isa = PBXBuildFile; fileRef = 4E992F1A2B15B46C00A93392 /* QuakeRow.swift */; };
		4E992F252B15B46C00A93392 /* Quakes.swift in Sources */ = {isa = PBXBuildFile; fileRef = 4E992F1B2B15B46C00A93392 /* Quakes.swift */; };
		4E992F262B15B46C00A93392 /* EditButton.swift in Sources */ = {isa = PBXBuildFile; fileRef = 4E992F1D2B15B46C00A93392 /* EditButton.swift */; };
		4E992F272B15B46C00A93392 /* SelectButton.swift in Sources */ = {isa = PBXBuildFile; fileRef = 4E992F1E2B15B46C00A93392 /* SelectButton.swift */; };
		4E992F282B15B46C00A93392 /* RefreshButton.swift in Sources */ = {isa = PBXBuildFile; fileRef = 4E992F1F2B15B46C00A93392 /* RefreshButton.swift */; };
		4E992F292B15B46C00A93392 /* DeleteButton.swift in Sources */ = {isa = PBXBuildFile; fileRef = 4E992F202B15B46C00A93392 /* DeleteButton.swift */; };
		4E992F2A2B15B46C00A93392 /* Quakes+Toolbar.swift in Sources */ = {isa = PBXBuildFile; fileRef = 4E992F212B15B46C00A93392 /* Quakes+Toolbar.swift */; };
		4E992F2B2B15B46C00A93392 /* ToolbarStatus.swift in Sources */ = {isa = PBXBuildFile; fileRef = 4E992F222B15B46C00A93392 /* ToolbarStatus.swift */; };
		4E992F2D2B15BB9D00A93392 /* QuakeError.swift in Sources */ = {isa = PBXBuildFile; fileRef = 4E992F2C2B15BB9D00A93392 /* QuakeError.swift */; };
/* End PBXBuildFile section */

/* Begin PBXContainerItemProxy section */
		4E992EF72B15B11500A93392 /* PBXContainerItemProxy */ = {
			isa = PBXContainerItemProxy;
			containerPortal = 4E992EDE2B15B11200A93392 /* Project object */;
			proxyType = 1;
			remoteGlobalIDString = 4E992EE52B15B11200A93392;
			remoteInfo = Earthquakes;
		};
		4E992F012B15B11500A93392 /* PBXContainerItemProxy */ = {
			isa = PBXContainerItemProxy;
			containerPortal = 4E992EDE2B15B11200A93392 /* Project object */;
			proxyType = 1;
			remoteGlobalIDString = 4E992EE52B15B11200A93392;
			remoteInfo = Earthquakes;
		};
/* End PBXContainerItemProxy section */

/* Begin PBXFileReference section */
		4E992EE62B15B11200A93392 /* Earthquakes.app */ = {isa = PBXFileReference; explicitFileType = wrapper.application; includeInIndex = 0; path = Earthquakes.app; sourceTree = BUILT_PRODUCTS_DIR; };
		4E992EE92B15B11200A93392 /* EarthquakesApp.swift */ = {isa = PBXFileReference; lastKnownFileType = sourcecode.swift; path = EarthquakesApp.swift; sourceTree = "<group>"; };
		4E992EEB2B15B11200A93392 /* ContentView.swift */ = {isa = PBXFileReference; lastKnownFileType = sourcecode.swift; path = ContentView.swift; sourceTree = "<group>"; };
		4E992EED2B15B11500A93392 /* Assets.xcassets */ = {isa = PBXFileReference; lastKnownFileType = folder.assetcatalog; path = Assets.xcassets; sourceTree = "<group>"; };
		4E992EF02B15B11500A93392 /* Preview Assets.xcassets */ = {isa = PBXFileReference; lastKnownFileType = folder.assetcatalog; path = "Preview Assets.xcassets"; sourceTree = "<group>"; };
		4E992EF62B15B11500A93392 /* EarthquakesTests.xctest */ = {isa = PBXFileReference; explicitFileType = wrapper.cfbundle; includeInIndex = 0; path = EarthquakesTests.xctest; sourceTree = BUILT_PRODUCTS_DIR; };
		4E992EFA2B15B11500A93392 /* EarthquakesTests.swift */ = {isa = PBXFileReference; lastKnownFileType = sourcecode.swift; path = EarthquakesTests.swift; sourceTree = "<group>"; };
		4E992F002B15B11500A93392 /* EarthquakesUITests.xctest */ = {isa = PBXFileReference; explicitFileType = wrapper.cfbundle; includeInIndex = 0; path = EarthquakesUITests.xctest; sourceTree = BUILT_PRODUCTS_DIR; };
		4E992F042B15B11500A93392 /* EarthquakesUITests.swift */ = {isa = PBXFileReference; lastKnownFileType = sourcecode.swift; path = EarthquakesUITests.swift; sourceTree = "<group>"; };
		4E992F062B15B11500A93392 /* EarthquakesUITestsLaunchTests.swift */ = {isa = PBXFileReference; lastKnownFileType = sourcecode.swift; path = EarthquakesUITestsLaunchTests.swift; sourceTree = "<group>"; };
		4E992F142B15B46100A93392 /* Quake.swift */ = {isa = PBXFileReference; fileEncoding = 4; lastKnownFileType = sourcecode.swift; path = Quake.swift; sourceTree = "<group>"; };
		4E992F152B15B46100A93392 /* Quake+Color.swift */ = {isa = PBXFileReference; fileEncoding = 4; lastKnownFileType = sourcecode.swift; path = "Quake+Color.swift"; sourceTree = "<group>"; };
		4E992F192B15B46C00A93392 /* QuakeMagnitude.swift */ = {isa = PBXFileReference; fileEncoding = 4; lastKnownFileType = sourcecode.swift; path = QuakeMagnitude.swift; sourceTree = "<group>"; };
		4E992F1A2B15B46C00A93392 /* QuakeRow.swift */ = {isa = PBXFileReference; fileEncoding = 4; lastKnownFileType = sourcecode.swift; path = QuakeRow.swift; sourceTree = "<group>"; };
		4E992F1B2B15B46C00A93392 /* Quakes.swift */ = {isa = PBXFileReference; fileEncoding = 4; lastKnownFileType = sourcecode.swift; path = Quakes.swift; sourceTree = "<group>"; };
		4E992F1D2B15B46C00A93392 /* EditButton.swift */ = {isa = PBXFileReference; fileEncoding = 4; lastKnownFileType = sourcecode.swift; path = EditButton.swift; sourceTree = "<group>"; };
		4E992F1E2B15B46C00A93392 /* SelectButton.swift */ = {isa = PBXFileReference; fileEncoding = 4; lastKnownFileType = sourcecode.swift; path = SelectButton.swift; sourceTree = "<group>"; };
		4E992F1F2B15B46C00A93392 /* RefreshButton.swift */ = {isa = PBXFileReference; fileEncoding = 4; lastKnownFileType = sourcecode.swift; path = RefreshButton.swift; sourceTree = "<group>"; };
		4E992F202B15B46C00A93392 /* DeleteButton.swift */ = {isa = PBXFileReference; fileEncoding = 4; lastKnownFileType = sourcecode.swift; path = DeleteButton.swift; sourceTree = "<group>"; };
		4E992F212B15B46C00A93392 /* Quakes+Toolbar.swift */ = {isa = PBXFileReference; fileEncoding = 4; lastKnownFileType = sourcecode.swift; path = "Quakes+Toolbar.swift"; sourceTree = "<group>"; };
		4E992F222B15B46C00A93392 /* ToolbarStatus.swift */ = {isa = PBXFileReference; fileEncoding = 4; lastKnownFileType = sourcecode.swift; path = ToolbarStatus.swift; sourceTree = "<group>"; };
		4E992F2C2B15BB9D00A93392 /* QuakeError.swift */ = {isa = PBXFileReference; lastKnownFileType = sourcecode.swift; path = QuakeError.swift; sourceTree = "<group>"; };
/* End PBXFileReference section */

/* Begin PBXFrameworksBuildPhase section */
		4E992EE32B15B11200A93392 /* Frameworks */ = {
			isa = PBXFrameworksBuildPhase;
			buildActionMask = 2147483647;
			files = (
			);
			runOnlyForDeploymentPostprocessing = 0;
		};
		4E992EF32B15B11500A93392 /* Frameworks */ = {
			isa = PBXFrameworksBuildPhase;
			buildActionMask = 2147483647;
			files = (
			);
			runOnlyForDeploymentPostprocessing = 0;
		};
		4E992EFD2B15B11500A93392 /* Frameworks */ = {
			isa = PBXFrameworksBuildPhase;
			buildActionMask = 2147483647;
			files = (
			);
			runOnlyForDeploymentPostprocessing = 0;
		};
/* End PBXFrameworksBuildPhase section */

/* Begin PBXGroup section */
		4E992EDD2B15B11200A93392 = {
			isa = PBXGroup;
			children = (
				4E992EE82B15B11200A93392 /* Earthquakes */,
				4E992EF92B15B11500A93392 /* EarthquakesTests */,
				4E992F032B15B11500A93392 /* EarthquakesUITests */,
				4E992EE72B15B11200A93392 /* Products */,
			);
			sourceTree = "<group>";
		};
		4E992EE72B15B11200A93392 /* Products */ = {
			isa = PBXGroup;
			children = (
				4E992EE62B15B11200A93392 /* Earthquakes.app */,
				4E992EF62B15B11500A93392 /* EarthquakesTests.xctest */,
				4E992F002B15B11500A93392 /* EarthquakesUITests.xctest */,
			);
			name = Products;
			sourceTree = "<group>";
		};
		4E992EE82B15B11200A93392 /* Earthquakes */ = {
			isa = PBXGroup;
			children = (
				4E992F182B15B46C00A93392 /* Views */,
				4E992F132B15B46100A93392 /* Models */,
				4E992EE92B15B11200A93392 /* EarthquakesApp.swift */,
				4E992EEB2B15B11200A93392 /* ContentView.swift */,
				4E992EED2B15B11500A93392 /* Assets.xcassets */,
				4E992EEF2B15B11500A93392 /* Preview Content */,
			);
			path = Earthquakes;
			sourceTree = "<group>";
		};
		4E992EEF2B15B11500A93392 /* Preview Content */ = {
			isa = PBXGroup;
			children = (
				4E992EF02B15B11500A93392 /* Preview Assets.xcassets */,
			);
			path = "Preview Content";
			sourceTree = "<group>";
		};
		4E992EF92B15B11500A93392 /* EarthquakesTests */ = {
			isa = PBXGroup;
			children = (
				4E992EFA2B15B11500A93392 /* EarthquakesTests.swift */,
			);
			path = EarthquakesTests;
			sourceTree = "<group>";
		};
		4E992F032B15B11500A93392 /* EarthquakesUITests */ = {
			isa = PBXGroup;
			children = (
				4E992F042B15B11500A93392 /* EarthquakesUITests.swift */,
				4E992F062B15B11500A93392 /* EarthquakesUITestsLaunchTests.swift */,
			);
			path = EarthquakesUITests;
			sourceTree = "<group>";
		};
		4E992F132B15B46100A93392 /* Models */ = {
			isa = PBXGroup;
			children = (
				4E992F142B15B46100A93392 /* Quake.swift */,
				4E992F152B15B46100A93392 /* Quake+Color.swift */,
				4E992F2C2B15BB9D00A93392 /* QuakeError.swift */,
			);
			path = Models;
			sourceTree = "<group>";
		};
		4E992F182B15B46C00A93392 /* Views */ = {
			isa = PBXGroup;
			children = (
				4E992F192B15B46C00A93392 /* QuakeMagnitude.swift */,
				4E992F1A2B15B46C00A93392 /* QuakeRow.swift */,
				4E992F1B2B15B46C00A93392 /* Quakes.swift */,
				4E992F1C2B15B46C00A93392 /* ToolbarContent */,
			);
			path = Views;
			sourceTree = "<group>";
		};
		4E992F1C2B15B46C00A93392 /* ToolbarContent */ = {
			isa = PBXGroup;
			children = (
				4E992F1D2B15B46C00A93392 /* EditButton.swift */,
				4E992F1E2B15B46C00A93392 /* SelectButton.swift */,
				4E992F1F2B15B46C00A93392 /* RefreshButton.swift */,
				4E992F202B15B46C00A93392 /* DeleteButton.swift */,
				4E992F212B15B46C00A93392 /* Quakes+Toolbar.swift */,
				4E992F222B15B46C00A93392 /* ToolbarStatus.swift */,
			);
			path = ToolbarContent;
			sourceTree = "<group>";
		};
/* End PBXGroup section */

/* Begin PBXNativeTarget section */
		4E992EE52B15B11200A93392 /* Earthquakes */ = {
			isa = PBXNativeTarget;
			buildConfigurationList = 4E992F0A2B15B11500A93392 /* Build configuration list for PBXNativeTarget "Earthquakes" */;
			buildPhases = (
				4E992EE22B15B11200A93392 /* Sources */,
				4E992EE32B15B11200A93392 /* Frameworks */,
				4E992EE42B15B11200A93392 /* Resources */,
			);
			buildRules = (
			);
			dependencies = (
			);
			name = Earthquakes;
			productName = Earthquakes;
			productReference = 4E992EE62B15B11200A93392 /* Earthquakes.app */;
			productType = "com.apple.product-type.application";
		};
		4E992EF52B15B11500A93392 /* EarthquakesTests */ = {
			isa = PBXNativeTarget;
			buildConfigurationList = 4E992F0D2B15B11500A93392 /* Build configuration list for PBXNativeTarget "EarthquakesTests" */;
			buildPhases = (
				4E992EF22B15B11500A93392 /* Sources */,
				4E992EF32B15B11500A93392 /* Frameworks */,
				4E992EF42B15B11500A93392 /* Resources */,
			);
			buildRules = (
			);
			dependencies = (
				4E992EF82B15B11500A93392 /* PBXTargetDependency */,
			);
			name = EarthquakesTests;
			productName = EarthquakesTests;
			productReference = 4E992EF62B15B11500A93392 /* EarthquakesTests.xctest */;
			productType = "com.apple.product-type.bundle.unit-test";
		};
		4E992EFF2B15B11500A93392 /* EarthquakesUITests */ = {
			isa = PBXNativeTarget;
			buildConfigurationList = 4E992F102B15B11500A93392 /* Build configuration list for PBXNativeTarget "EarthquakesUITests" */;
			buildPhases = (
				4E992EFC2B15B11500A93392 /* Sources */,
				4E992EFD2B15B11500A93392 /* Frameworks */,
				4E992EFE2B15B11500A93392 /* Resources */,
			);
			buildRules = (
			);
			dependencies = (
				4E992F022B15B11500A93392 /* PBXTargetDependency */,
			);
			name = EarthquakesUITests;
			productName = EarthquakesUITests;
			productReference = 4E992F002B15B11500A93392 /* EarthquakesUITests.xctest */;
			productType = "com.apple.product-type.bundle.ui-testing";
		};
/* End PBXNativeTarget section */

/* Begin PBXProject section */
		4E992EDE2B15B11200A93392 /* Project object */ = {
			isa = PBXProject;
			attributes = {
				BuildIndependentTargetsInParallel = 1;
				LastSwiftUpdateCheck = 1420;
				LastUpgradeCheck = 1420;
				TargetAttributes = {
					4E992EE52B15B11200A93392 = {
						CreatedOnToolsVersion = 14.2;
					};
					4E992EF52B15B11500A93392 = {
						CreatedOnToolsVersion = 14.2;
						TestTargetID = 4E992EE52B15B11200A93392;
					};
					4E992EFF2B15B11500A93392 = {
						CreatedOnToolsVersion = 14.2;
						TestTargetID = 4E992EE52B15B11200A93392;
					};
				};
			};
			buildConfigurationList = 4E992EE12B15B11200A93392 /* Build configuration list for PBXProject "Earthquakes" */;
			compatibilityVersion = "Xcode 14.0";
			developmentRegion = en;
			hasScannedForEncodings = 0;
			knownRegions = (
				en,
				Base,
			);
			mainGroup = 4E992EDD2B15B11200A93392;
			productRefGroup = 4E992EE72B15B11200A93392 /* Products */;
			projectDirPath = "";
			projectRoot = "";
			targets = (
				4E992EE52B15B11200A93392 /* Earthquakes */,
				4E992EF52B15B11500A93392 /* EarthquakesTests */,
				4E992EFF2B15B11500A93392 /* EarthquakesUITests */,
			);
		};
/* End PBXProject section */

/* Begin PBXResourcesBuildPhase section */
		4E992EE42B15B11200A93392 /* Resources */ = {
			isa = PBXResourcesBuildPhase;
			buildActionMask = 2147483647;
			files = (
				4E992EF12B15B11500A93392 /* Preview Assets.xcassets in Resources */,
				4E992EEE2B15B11500A93392 /* Assets.xcassets in Resources */,
			);
			runOnlyForDeploymentPostprocessing = 0;
		};
		4E992EF42B15B11500A93392 /* Resources */ = {
			isa = PBXResourcesBuildPhase;
			buildActionMask = 2147483647;
			files = (
			);
			runOnlyForDeploymentPostprocessing = 0;
		};
		4E992EFE2B15B11500A93392 /* Resources */ = {
			isa = PBXResourcesBuildPhase;
			buildActionMask = 2147483647;
			files = (
			);
			runOnlyForDeploymentPostprocessing = 0;
		};
/* End PBXResourcesBuildPhase section */

/* Begin PBXSourcesBuildPhase section */
		4E992EE22B15B11200A93392 /* Sources */ = {
			isa = PBXSourcesBuildPhase;
			buildActionMask = 2147483647;
			files = (
				4E992F272B15B46C00A93392 /* SelectButton.swift in Sources */,
				4E992F232B15B46C00A93392 /* QuakeMagnitude.swift in Sources */,
				4E992EEC2B15B11200A93392 /* ContentView.swift in Sources */,
				4E992F292B15B46C00A93392 /* DeleteButton.swift in Sources */,
				4E992F172B15B46100A93392 /* Quake+Color.swift in Sources */,
				4E992F2B2B15B46C00A93392 /* ToolbarStatus.swift in Sources */,
				4E992F162B15B46100A93392 /* Quake.swift in Sources */,
				4E992F242B15B46C00A93392 /* QuakeRow.swift in Sources */,
				4E992F2D2B15BB9D00A93392 /* QuakeError.swift in Sources */,
				4E992F262B15B46C00A93392 /* EditButton.swift in Sources */,
				4E992F282B15B46C00A93392 /* RefreshButton.swift in Sources */,
				4E992EEA2B15B11200A93392 /* EarthquakesApp.swift in Sources */,
				4E992F252B15B46C00A93392 /* Quakes.swift in Sources */,
				4E992F2A2B15B46C00A93392 /* Quakes+Toolbar.swift in Sources */,
			);
			runOnlyForDeploymentPostprocessing = 0;
		};
		4E992EF22B15B11500A93392 /* Sources */ = {
			isa = PBXSourcesBuildPhase;
			buildActionMask = 2147483647;
			files = (
				4E992EFB2B15B11500A93392 /* EarthquakesTests.swift in Sources */,
			);
			runOnlyForDeploymentPostprocessing = 0;
		};
		4E992EFC2B15B11500A93392 /* Sources */ = {
			isa = PBXSourcesBuildPhase;
			buildActionMask = 2147483647;
			files = (
				4E992F052B15B11500A93392 /* EarthquakesUITests.swift in Sources */,
				4E992F072B15B11500A93392 /* EarthquakesUITestsLaunchTests.swift in Sources */,
			);
			runOnlyForDeploymentPostprocessing = 0;
		};
/* End PBXSourcesBuildPhase section */

/* Begin PBXTargetDependency section */
		4E992EF82B15B11500A93392 /* PBXTargetDependency */ = {
			isa = PBXTargetDependency;
			target = 4E992EE52B15B11200A93392 /* Earthquakes */;
			targetProxy = 4E992EF72B15B11500A93392 /* PBXContainerItemProxy */;
		};
		4E992F022B15B11500A93392 /* PBXTargetDependency */ = {
			isa = PBXTargetDependency;
			target = 4E992EE52B15B11200A93392 /* Earthquakes */;
			targetProxy = 4E992F012B15B11500A93392 /* PBXContainerItemProxy */;
		};
/* End PBXTargetDependency section */

/* Begin XCBuildConfiguration section */
		4E992F082B15B11500A93392 /* Debug */ = {
			isa = XCBuildConfiguration;
			buildSettings = {
				ALWAYS_SEARCH_USER_PATHS = NO;
				CLANG_ANALYZER_NONNULL = YES;
				CLANG_ANALYZER_NUMBER_OBJECT_CONVERSION = YES_AGGRESSIVE;
				CLANG_CXX_LANGUAGE_STANDARD = "gnu++20";
				CLANG_ENABLE_MODULES = YES;
				CLANG_ENABLE_OBJC_ARC = YES;
				CLANG_ENABLE_OBJC_WEAK = YES;
				CLANG_WARN_BLOCK_CAPTURE_AUTORELEASING = YES;
				CLANG_WARN_BOOL_CONVERSION = YES;
				CLANG_WARN_COMMA = YES;
				CLANG_WARN_CONSTANT_CONVERSION = YES;
				CLANG_WARN_DEPRECATED_OBJC_IMPLEMENTATIONS = YES;
				CLANG_WARN_DIRECT_OBJC_ISA_USAGE = YES_ERROR;
				CLANG_WARN_DOCUMENTATION_COMMENTS = YES;
				CLANG_WARN_EMPTY_BODY = YES;
				CLANG_WARN_ENUM_CONVERSION = YES;
				CLANG_WARN_INFINITE_RECURSION = YES;
				CLANG_WARN_INT_CONVERSION = YES;
				CLANG_WARN_NON_LITERAL_NULL_CONVERSION = YES;
				CLANG_WARN_OBJC_IMPLICIT_RETAIN_SELF = YES;
				CLANG_WARN_OBJC_LITERAL_CONVERSION = YES;
				CLANG_WARN_OBJC_ROOT_CLASS = YES_ERROR;
				CLANG_WARN_QUOTED_INCLUDE_IN_FRAMEWORK_HEADER = YES;
				CLANG_WARN_RANGE_LOOP_ANALYSIS = YES;
				CLANG_WARN_STRICT_PROTOTYPES = YES;
				CLANG_WARN_SUSPICIOUS_MOVE = YES;
				CLANG_WARN_UNGUARDED_AVAILABILITY = YES_AGGRESSIVE;
				CLANG_WARN_UNREACHABLE_CODE = YES;
				CLANG_WARN__DUPLICATE_METHOD_MATCH = YES;
				COPY_PHASE_STRIP = NO;
				DEBUG_INFORMATION_FORMAT = dwarf;
				ENABLE_STRICT_OBJC_MSGSEND = YES;
				ENABLE_TESTABILITY = YES;
				GCC_C_LANGUAGE_STANDARD = gnu11;
				GCC_DYNAMIC_NO_PIC = NO;
				GCC_NO_COMMON_BLOCKS = YES;
				GCC_OPTIMIZATION_LEVEL = 0;
				GCC_PREPROCESSOR_DEFINITIONS = (
					"DEBUG=1",
					"$(inherited)",
				);
				GCC_WARN_64_TO_32_BIT_CONVERSION = YES;
				GCC_WARN_ABOUT_RETURN_TYPE = YES_ERROR;
				GCC_WARN_UNDECLARED_SELECTOR = YES;
				GCC_WARN_UNINITIALIZED_AUTOS = YES_AGGRESSIVE;
				GCC_WARN_UNUSED_FUNCTION = YES;
				GCC_WARN_UNUSED_VARIABLE = YES;
				IPHONEOS_DEPLOYMENT_TARGET = 16.2;
				MTL_ENABLE_DEBUG_INFO = INCLUDE_SOURCE;
				MTL_FAST_MATH = YES;
				ONLY_ACTIVE_ARCH = YES;
				SDKROOT = iphoneos;
				SWIFT_ACTIVE_COMPILATION_CONDITIONS = DEBUG;
				SWIFT_OPTIMIZATION_LEVEL = "-Onone";
			};
			name = Debug;
		};
		4E992F092B15B11500A93392 /* Release */ = {
			isa = XCBuildConfiguration;
			buildSettings = {
				ALWAYS_SEARCH_USER_PATHS = NO;
				CLANG_ANALYZER_NONNULL = YES;
				CLANG_ANALYZER_NUMBER_OBJECT_CONVERSION = YES_AGGRESSIVE;
				CLANG_CXX_LANGUAGE_STANDARD = "gnu++20";
				CLANG_ENABLE_MODULES = YES;
				CLANG_ENABLE_OBJC_ARC = YES;
				CLANG_ENABLE_OBJC_WEAK = YES;
				CLANG_WARN_BLOCK_CAPTURE_AUTORELEASING = YES;
				CLANG_WARN_BOOL_CONVERSION = YES;
				CLANG_WARN_COMMA = YES;
				CLANG_WARN_CONSTANT_CONVERSION = YES;
				CLANG_WARN_DEPRECATED_OBJC_IMPLEMENTATIONS = YES;
				CLANG_WARN_DIRECT_OBJC_ISA_USAGE = YES_ERROR;
				CLANG_WARN_DOCUMENTATION_COMMENTS = YES;
				CLANG_WARN_EMPTY_BODY = YES;
				CLANG_WARN_ENUM_CONVERSION = YES;
				CLANG_WARN_INFINITE_RECURSION = YES;
				CLANG_WARN_INT_CONVERSION = YES;
				CLANG_WARN_NON_LITERAL_NULL_CONVERSION = YES;
				CLANG_WARN_OBJC_IMPLICIT_RETAIN_SELF = YES;
				CLANG_WARN_OBJC_LITERAL_CONVERSION = YES;
				CLANG_WARN_OBJC_ROOT_CLASS = YES_ERROR;
				CLANG_WARN_QUOTED_INCLUDE_IN_FRAMEWORK_HEADER = YES;
				CLANG_WARN_RANGE_LOOP_ANALYSIS = YES;
				CLANG_WARN_STRICT_PROTOTYPES = YES;
				CLANG_WARN_SUSPICIOUS_MOVE = YES;
				CLANG_WARN_UNGUARDED_AVAILABILITY = YES_AGGRESSIVE;
				CLANG_WARN_UNREACHABLE_CODE = YES;
				CLANG_WARN__DUPLICATE_METHOD_MATCH = YES;
				COPY_PHASE_STRIP = NO;
				DEBUG_INFORMATION_FORMAT = "dwarf-with-dsym";
				ENABLE_NS_ASSERTIONS = NO;
				ENABLE_STRICT_OBJC_MSGSEND = YES;
				GCC_C_LANGUAGE_STANDARD = gnu11;
				GCC_NO_COMMON_BLOCKS = YES;
				GCC_WARN_64_TO_32_BIT_CONVERSION = YES;
				GCC_WARN_ABOUT_RETURN_TYPE = YES_ERROR;
				GCC_WARN_UNDECLARED_SELECTOR = YES;
				GCC_WARN_UNINITIALIZED_AUTOS = YES_AGGRESSIVE;
				GCC_WARN_UNUSED_FUNCTION = YES;
				GCC_WARN_UNUSED_VARIABLE = YES;
				IPHONEOS_DEPLOYMENT_TARGET = 16.2;
				MTL_ENABLE_DEBUG_INFO = NO;
				MTL_FAST_MATH = YES;
				SDKROOT = iphoneos;
				SWIFT_COMPILATION_MODE = wholemodule;
				SWIFT_OPTIMIZATION_LEVEL = "-O";
				VALIDATE_PRODUCT = YES;
			};
			name = Release;
		};
		4E992F0B2B15B11500A93392 /* Debug */ = {
			isa = XCBuildConfiguration;
			buildSettings = {
				ASSETCATALOG_COMPILER_APPICON_NAME = AppIcon;
				ASSETCATALOG_COMPILER_GLOBAL_ACCENT_COLOR_NAME = AccentColor;
				CODE_SIGN_STYLE = Automatic;
				CURRENT_PROJECT_VERSION = 1;
				DEVELOPMENT_ASSET_PATHS = "\"Earthquakes/Preview Content\"";
				ENABLE_PREVIEWS = YES;
				GENERATE_INFOPLIST_FILE = YES;
				INFOPLIST_KEY_UIApplicationSceneManifest_Generation = YES;
				INFOPLIST_KEY_UIApplicationSupportsIndirectInputEvents = YES;
				INFOPLIST_KEY_UILaunchScreen_Generation = YES;
				INFOPLIST_KEY_UISupportedInterfaceOrientations_iPad = "UIInterfaceOrientationPortrait UIInterfaceOrientationPortraitUpsideDown UIInterfaceOrientationLandscapeLeft UIInterfaceOrientationLandscapeRight";
				INFOPLIST_KEY_UISupportedInterfaceOrientations_iPhone = "UIInterfaceOrientationPortrait UIInterfaceOrientationLandscapeLeft UIInterfaceOrientationLandscapeRight";
				LD_RUNPATH_SEARCH_PATHS = (
					"$(inherited)",
					"@executable_path/Frameworks",
				);
				MARKETING_VERSION = 1.0;
				PRODUCT_BUNDLE_IDENTIFIER = com.example.Earthquakes;
				PRODUCT_NAME = "$(TARGET_NAME)";
				SWIFT_EMIT_LOC_STRINGS = YES;
				SWIFT_VERSION = 5.0;
				TARGETED_DEVICE_FAMILY = "1,2";
			};
			name = Debug;
		};
		4E992F0C2B15B11500A93392 /* Release */ = {
			isa = XCBuildConfiguration;
			buildSettings = {
				ASSETCATALOG_COMPILER_APPICON_NAME = AppIcon;
				ASSETCATALOG_COMPILER_GLOBAL_ACCENT_COLOR_NAME = AccentColor;
				CODE_SIGN_STYLE = Automatic;
				CURRENT_PROJECT_VERSION = 1;
				DEVELOPMENT_ASSET_PATHS = "\"Earthquakes/Preview Content\"";
				ENABLE_PREVIEWS = YES;
				GENERATE_INFOPLIST_FILE = YES;
				INFOPLIST_KEY_UIApplicationSceneManifest_Generation = YES;
				INFOPLIST_KEY_UIApplicationSupportsIndirectInputEvents = YES;
				INFOPLIST_KEY_UILaunchScreen_Generation = YES;
				INFOPLIST_KEY_UISupportedInterfaceOrientations_iPad = "UIInterfaceOrientationPortrait UIInterfaceOrientationPortraitUpsideDown UIInterfaceOrientationLandscapeLeft UIInterfaceOrientationLandscapeRight";
				INFOPLIST_KEY_UISupportedInterfaceOrientations_iPhone = "UIInterfaceOrientationPortrait UIInterfaceOrientationLandscapeLeft UIInterfaceOrientationLandscapeRight";
				LD_RUNPATH_SEARCH_PATHS = (
					"$(inherited)",
					"@executable_path/Frameworks",
				);
				MARKETING_VERSION = 1.0;
				PRODUCT_BUNDLE_IDENTIFIER = com.example.Earthquakes;
				PRODUCT_NAME = "$(TARGET_NAME)";
				SWIFT_EMIT_LOC_STRINGS = YES;
				SWIFT_VERSION = 5.0;
				TARGETED_DEVICE_FAMILY = "1,2";
			};
			name = Release;
		};
		4E992F0E2B15B11500A93392 /* Debug */ = {
			isa = XCBuildConfiguration;
			buildSettings = {
				ALWAYS_EMBED_SWIFT_STANDARD_LIBRARIES = YES;
				BUNDLE_LOADER = "$(TEST_HOST)";
				CODE_SIGN_STYLE = Automatic;
				CURRENT_PROJECT_VERSION = 1;
				GENERATE_INFOPLIST_FILE = YES;
				IPHONEOS_DEPLOYMENT_TARGET = 16.2;
				MARKETING_VERSION = 1.0;
				PRODUCT_BUNDLE_IDENTIFIER = com.example.EarthquakesTests;
				PRODUCT_NAME = "$(TARGET_NAME)";
				SWIFT_EMIT_LOC_STRINGS = NO;
				SWIFT_VERSION = 5.0;
				TARGETED_DEVICE_FAMILY = "1,2";
				TEST_HOST = "$(BUILT_PRODUCTS_DIR)/Earthquakes.app/$(BUNDLE_EXECUTABLE_FOLDER_PATH)/Earthquakes";
			};
			name = Debug;
		};
		4E992F0F2B15B11500A93392 /* Release */ = {
			isa = XCBuildConfiguration;
			buildSettings = {
				ALWAYS_EMBED_SWIFT_STANDARD_LIBRARIES = YES;
				BUNDLE_LOADER = "$(TEST_HOST)";
				CODE_SIGN_STYLE = Automatic;
				CURRENT_PROJECT_VERSION = 1;
				GENERATE_INFOPLIST_FILE = YES;
				IPHONEOS_DEPLOYMENT_TARGET = 16.2;
				MARKETING_VERSION = 1.0;
				PRODUCT_BUNDLE_IDENTIFIER = com.example.EarthquakesTests;
				PRODUCT_NAME = "$(TARGET_NAME)";
				SWIFT_EMIT_LOC_STRINGS = NO;
				SWIFT_VERSION = 5.0;
				TARGETED_DEVICE_FAMILY = "1,2";
				TEST_HOST = "$(BUILT_PRODUCTS_DIR)/Earthquakes.app/$(BUNDLE_EXECUTABLE_FOLDER_PATH)/Earthquakes";
			};
			name = Release;
		};
		4E992F112B15B11500A93392 /* Debug */ = {
			isa = XCBuildConfiguration;
			buildSettings = {
				ALWAYS_EMBED_SWIFT_STANDARD_LIBRARIES = YES;
				CODE_SIGN_STYLE = Automatic;
				CURRENT_PROJECT_VERSION = 1;
				GENERATE_INFOPLIST_FILE = YES;
				MARKETING_VERSION = 1.0;
				PRODUCT_BUNDLE_IDENTIFIER = com.example.EarthquakesUITests;
				PRODUCT_NAME = "$(TARGET_NAME)";
				SWIFT_EMIT_LOC_STRINGS = NO;
				SWIFT_VERSION = 5.0;
				TARGETED_DEVICE_FAMILY = "1,2";
				TEST_TARGET_NAME = Earthquakes;
			};
			name = Debug;
		};
		4E992F122B15B11500A93392 /* Release */ = {
			isa = XCBuildConfiguration;
			buildSettings = {
				ALWAYS_EMBED_SWIFT_STANDARD_LIBRARIES = YES;
				CODE_SIGN_STYLE = Automatic;
				CURRENT_PROJECT_VERSION = 1;
				GENERATE_INFOPLIST_FILE = YES;
				MARKETING_VERSION = 1.0;
				PRODUCT_BUNDLE_IDENTIFIER = com.example.EarthquakesUITests;
				PRODUCT_NAME = "$(TARGET_NAME)";
				SWIFT_EMIT_LOC_STRINGS = NO;
				SWIFT_VERSION = 5.0;
				TARGETED_DEVICE_FAMILY = "1,2";
				TEST_TARGET_NAME = Earthquakes;
			};
			name = Release;
		};
/* End XCBuildConfiguration section */

/* Begin XCConfigurationList section */
		4E992EE12B15B11200A93392 /* Build configuration list for PBXProject "Earthquakes" */ = {
			isa = XCConfigurationList;
			buildConfigurations = (
				4E992F082B15B11500A93392 /* Debug */,
				4E992F092B15B11500A93392 /* Release */,
			);
			defaultConfigurationIsVisible = 0;
			defaultConfigurationName = Release;
		};
		4E992F0A2B15B11500A93392 /* Build configuration list for PBXNativeTarget "Earthquakes" */ = {
			isa = XCConfigurationList;
			buildConfigurations = (
				4E992F0B2B15B11500A93392 /* Debug */,
				4E992F0C2B15B11500A93392 /* Release */,
			);
			defaultConfigurationIsVisible = 0;
			defaultConfigurationName = Release;
		};
		4E992F0D2B15B11500A93392 /* Build configuration list for PBXNativeTarget "EarthquakesTests" */ = {
			isa = XCConfigurationList;
			buildConfigurations = (
				4E992F0E2B15B11500A93392 /* Debug */,
				4E992F0F2B15B11500A93392 /* Release */,
			);
			defaultConfigurationIsVisible = 0;
			defaultConfigurationName = Release;
		};
		4E992F102B15B11500A93392 /* Build configuration list for PBXNativeTarget "EarthquakesUITests" */ = {
			isa = XCConfigurationList;
			buildConfigurations = (
				4E992F112B15B11500A93392 /* Debug */,
				4E992F122B15B11500A93392 /* Release */,
			);
			defaultConfigurationIsVisible = 0;
			defaultConfigurationName = Release;
		};
/* End XCConfigurationList section */
	};
	rootObject = 4E992EDE2B15B11200A93392 /* Project object */;
}
